// !$*UTF8*$!
{
	archiveVersion = 1;
	classes = {
	};
	objectVersion = 46;
	objects = {

/* Begin PBXBuildFile section */
		7177FDA71ED600C100CDBAF8 /* AppDelegate.swift in Sources */ = {isa = PBXBuildFile; fileRef = 7177FDA61ED600C100CDBAF8 /* AppDelegate.swift */; };
		7177FDA91ED600C100CDBAF8 /* ViewController.swift in Sources */ = {isa = PBXBuildFile; fileRef = 7177FDA81ED600C100CDBAF8 /* ViewController.swift */; };
		7177FDAC1ED600C100CDBAF8 /* Main.storyboard in Resources */ = {isa = PBXBuildFile; fileRef = 7177FDAA1ED600C100CDBAF8 /* Main.storyboard */; };
		7177FDAE1ED600C100CDBAF8 /* Assets.xcassets in Resources */ = {isa = PBXBuildFile; fileRef = 7177FDAD1ED600C100CDBAF8 /* Assets.xcassets */; };
		7177FDB11ED600C100CDBAF8 /* LaunchScreen.storyboard in Resources */ = {isa = PBXBuildFile; fileRef = 7177FDAF1ED600C100CDBAF8 /* LaunchScreen.storyboard */; };
		7177FDBC1ED600C100CDBAF8 /* CalculatorTests.swift in Sources */ = {isa = PBXBuildFile; fileRef = 7177FDBB1ED600C100CDBAF8 /* CalculatorTests.swift */; };
		7177FDC71ED600C100CDBAF8 /* CalculatorUITests.swift in Sources */ = {isa = PBXBuildFile; fileRef = 7177FDC61ED600C100CDBAF8 /* CalculatorUITests.swift */; };
		71DD303A1ED6BF9E000F3FCC /* CalculatorBrain.swift in Sources */ = {isa = PBXBuildFile; fileRef = 71DD30391ED6BF9E000F3FCC /* CalculatorBrain.swift */; };
/* End PBXBuildFile section */

/* Begin PBXContainerItemProxy section */
		7177FDB81ED600C100CDBAF8 /* PBXContainerItemProxy */ = {
			isa = PBXContainerItemProxy;
			containerPortal = 7177FD9B1ED600C000CDBAF8 /* Project object */;
			proxyType = 1;
			remoteGlobalIDString = 7177FDA21ED600C000CDBAF8;
			remoteInfo = Calculator;
		};
		7177FDC31ED600C100CDBAF8 /* PBXContainerItemProxy */ = {
			isa = PBXContainerItemProxy;
			containerPortal = 7177FD9B1ED600C000CDBAF8 /* Project object */;
			proxyType = 1;
			remoteGlobalIDString = 7177FDA21ED600C000CDBAF8;
			remoteInfo = Calculator;
		};
/* End PBXContainerItemProxy section */

/* Begin PBXFileReference section */
		7177FDA31ED600C100CDBAF8 /* Calculator.app */ = {isa = PBXFileReference; explicitFileType = wrapper.application; includeInIndex = 0; path = Calculator.app; sourceTree = BUILT_PRODUCTS_DIR; };
		7177FDA61ED600C100CDBAF8 /* AppDelegate.swift */ = {isa = PBXFileReference; lastKnownFileType = sourcecode.swift; path = AppDelegate.swift; sourceTree = "<group>"; };
		7177FDA81ED600C100CDBAF8 /* ViewController.swift */ = {isa = PBXFileReference; lastKnownFileType = sourcecode.swift; path = ViewController.swift; sourceTree = "<group>"; };
		7177FDAB1ED600C100CDBAF8 /* Base */ = {isa = PBXFileReference; lastKnownFileType = file.storyboard; name = Base; path = Base.lproj/Main.storyboard; sourceTree = "<group>"; };
		7177FDAD1ED600C100CDBAF8 /* Assets.xcassets */ = {isa = PBXFileReference; lastKnownFileType = folder.assetcatalog; path = Assets.xcassets; sourceTree = "<group>"; };
		7177FDB01ED600C100CDBAF8 /* Base */ = {isa = PBXFileReference; lastKnownFileType = file.storyboard; name = Base; path = Base.lproj/LaunchScreen.storyboard; sourceTree = "<group>"; };
		7177FDB21ED600C100CDBAF8 /* Info.plist */ = {isa = PBXFileReference; lastKnownFileType = text.plist.xml; path = Info.plist; sourceTree = "<group>"; };
		7177FDB71ED600C100CDBAF8 /* CalculatorTests.xctest */ = {isa = PBXFileReference; explicitFileType = wrapper.cfbundle; includeInIndex = 0; path = CalculatorTests.xctest; sourceTree = BUILT_PRODUCTS_DIR; };
		7177FDBB1ED600C100CDBAF8 /* CalculatorTests.swift */ = {isa = PBXFileReference; lastKnownFileType = sourcecode.swift; path = CalculatorTests.swift; sourceTree = "<group>"; };
		7177FDBD1ED600C100CDBAF8 /* Info.plist */ = {isa = PBXFileReference; lastKnownFileType = text.plist.xml; path = Info.plist; sourceTree = "<group>"; };
		7177FDC21ED600C100CDBAF8 /* CalculatorUITests.xctest */ = {isa = PBXFileReference; explicitFileType = wrapper.cfbundle; includeInIndex = 0; path = CalculatorUITests.xctest; sourceTree = BUILT_PRODUCTS_DIR; };
		7177FDC61ED600C100CDBAF8 /* CalculatorUITests.swift */ = {isa = PBXFileReference; lastKnownFileType = sourcecode.swift; path = CalculatorUITests.swift; sourceTree = "<group>"; };
		7177FDC81ED600C100CDBAF8 /* Info.plist */ = {isa = PBXFileReference; lastKnownFileType = text.plist.xml; path = Info.plist; sourceTree = "<group>"; };
		71DD30391ED6BF9E000F3FCC /* CalculatorBrain.swift */ = {isa = PBXFileReference; fileEncoding = 4; lastKnownFileType = sourcecode.swift; path = CalculatorBrain.swift; sourceTree = "<group>"; };
/* End PBXFileReference section */

/* Begin PBXFrameworksBuildPhase section */
		7177FDA01ED600C000CDBAF8 /* Frameworks */ = {
			isa = PBXFrameworksBuildPhase;
			buildActionMask = 2147483647;
			files = (
			);
			runOnlyForDeploymentPostprocessing = 0;
		};
		7177FDB41ED600C100CDBAF8 /* Frameworks */ = {
			isa = PBXFrameworksBuildPhase;
			buildActionMask = 2147483647;
			files = (
			);
			runOnlyForDeploymentPostprocessing = 0;
		};
		7177FDBF1ED600C100CDBAF8 /* Frameworks */ = {
			isa = PBXFrameworksBuildPhase;
			buildActionMask = 2147483647;
			files = (
			);
			runOnlyForDeploymentPostprocessing = 0;
		};
/* End PBXFrameworksBuildPhase section */

/* Begin PBXGroup section */
		7177FD9A1ED600C000CDBAF8 = {
			isa = PBXGroup;
			children = (
				7177FDA51ED600C100CDBAF8 /* Calculator */,
				7177FDBA1ED600C100CDBAF8 /* CalculatorTests */,
				7177FDC51ED600C100CDBAF8 /* CalculatorUITests */,
				7177FDA41ED600C100CDBAF8 /* Products */,
			);
			sourceTree = "<group>";
		};
		7177FDA41ED600C100CDBAF8 /* Products */ = {
			isa = PBXGroup;
			children = (
				7177FDA31ED600C100CDBAF8 /* Calculator.app */,
				7177FDB71ED600C100CDBAF8 /* CalculatorTests.xctest */,
				7177FDC21ED600C100CDBAF8 /* CalculatorUITests.xctest */,
			);
			name = Products;
			sourceTree = "<group>";
		};
		7177FDA51ED600C100CDBAF8 /* Calculator */ = {
			isa = PBXGroup;
			children = (
				7177FDAA1ED600C100CDBAF8 /* Main.storyboard */,
				7177FDA81ED600C100CDBAF8 /* ViewController.swift */,
				71DD30391ED6BF9E000F3FCC /* CalculatorBrain.swift */,
				7177FDD41ED6B3E800CDBAF8 /* Supporting files */,
			);
			path = Calculator;
			sourceTree = "<group>";
		};
		7177FDBA1ED600C100CDBAF8 /* CalculatorTests */ = {
			isa = PBXGroup;
			children = (
				7177FDBB1ED600C100CDBAF8 /* CalculatorTests.swift */,
				7177FDBD1ED600C100CDBAF8 /* Info.plist */,
			);
			path = CalculatorTests;
			sourceTree = "<group>";
		};
		7177FDC51ED600C100CDBAF8 /* CalculatorUITests */ = {
			isa = PBXGroup;
			children = (
				7177FDC61ED600C100CDBAF8 /* CalculatorUITests.swift */,
				7177FDC81ED600C100CDBAF8 /* Info.plist */,
			);
			path = CalculatorUITests;
			sourceTree = "<group>";
		};
		7177FDD41ED6B3E800CDBAF8 /* Supporting files */ = {
			isa = PBXGroup;
			children = (
				7177FDA61ED600C100CDBAF8 /* AppDelegate.swift */,
				7177FDAD1ED600C100CDBAF8 /* Assets.xcassets */,
				7177FDAF1ED600C100CDBAF8 /* LaunchScreen.storyboard */,
				7177FDB21ED600C100CDBAF8 /* Info.plist */,
			);
			name = "Supporting files";
			sourceTree = "<group>";
		};
/* End PBXGroup section */

/* Begin PBXNativeTarget section */
		7177FDA21ED600C000CDBAF8 /* Calculator */ = {
			isa = PBXNativeTarget;
			buildConfigurationList = 7177FDCB1ED600C100CDBAF8 /* Build configuration list for PBXNativeTarget "Calculator" */;
			buildPhases = (
				7177FD9F1ED600C000CDBAF8 /* Sources */,
				7177FDA01ED600C000CDBAF8 /* Frameworks */,
				7177FDA11ED600C000CDBAF8 /* Resources */,
			);
			buildRules = (
			);
			dependencies = (
			);
			name = Calculator;
			productName = Calculator;
			productReference = 7177FDA31ED600C100CDBAF8 /* Calculator.app */;
			productType = "com.apple.product-type.application";
		};
		7177FDB61ED600C100CDBAF8 /* CalculatorTests */ = {
			isa = PBXNativeTarget;
			buildConfigurationList = 7177FDCE1ED600C100CDBAF8 /* Build configuration list for PBXNativeTarget "CalculatorTests" */;
			buildPhases = (
				7177FDB31ED600C100CDBAF8 /* Sources */,
				7177FDB41ED600C100CDBAF8 /* Frameworks */,
				7177FDB51ED600C100CDBAF8 /* Resources */,
			);
			buildRules = (
			);
			dependencies = (
				7177FDB91ED600C100CDBAF8 /* PBXTargetDependency */,
			);
			name = CalculatorTests;
			productName = CalculatorTests;
			productReference = 7177FDB71ED600C100CDBAF8 /* CalculatorTests.xctest */;
			productType = "com.apple.product-type.bundle.unit-test";
		};
		7177FDC11ED600C100CDBAF8 /* CalculatorUITests */ = {
			isa = PBXNativeTarget;
			buildConfigurationList = 7177FDD11ED600C100CDBAF8 /* Build configuration list for PBXNativeTarget "CalculatorUITests" */;
			buildPhases = (
				7177FDBE1ED600C100CDBAF8 /* Sources */,
				7177FDBF1ED600C100CDBAF8 /* Frameworks */,
				7177FDC01ED600C100CDBAF8 /* Resources */,
			);
			buildRules = (
			);
			dependencies = (
				7177FDC41ED600C100CDBAF8 /* PBXTargetDependency */,
			);
			name = CalculatorUITests;
			productName = CalculatorUITests;
			productReference = 7177FDC21ED600C100CDBAF8 /* CalculatorUITests.xctest */;
			productType = "com.apple.product-type.bundle.ui-testing";
		};
/* End PBXNativeTarget section */

/* Begin PBXProject section */
		7177FD9B1ED600C000CDBAF8 /* Project object */ = {
			isa = PBXProject;
			attributes = {
				LastSwiftUpdateCheck = 0820;
				LastUpgradeCheck = 0820;
				ORGANIZATIONNAME = "Ray Gao";
				TargetAttributes = {
					7177FDA21ED600C000CDBAF8 = {
						CreatedOnToolsVersion = 8.2.1;
						ProvisioningStyle = Automatic;
					};
					7177FDB61ED600C100CDBAF8 = {
						CreatedOnToolsVersion = 8.2.1;
						ProvisioningStyle = Automatic;
						TestTargetID = 7177FDA21ED600C000CDBAF8;
					};
					7177FDC11ED600C100CDBAF8 = {
						CreatedOnToolsVersion = 8.2.1;
						ProvisioningStyle = Automatic;
						TestTargetID = 7177FDA21ED600C000CDBAF8;
					};
				};
			};
			buildConfigurationList = 7177FD9E1ED600C000CDBAF8 /* Build configuration list for PBXProject "Calculator" */;
			compatibilityVersion = "Xcode 3.2";
			developmentRegion = English;
			hasScannedForEncodings = 0;
			knownRegions = (
				en,
				Base,
			);
			mainGroup = 7177FD9A1ED600C000CDBAF8;
			productRefGroup = 7177FDA41ED600C100CDBAF8 /* Products */;
			projectDirPath = "";
			projectRoot = "";
			targets = (
				7177FDA21ED600C000CDBAF8 /* Calculator */,
				7177FDB61ED600C100CDBAF8 /* CalculatorTests */,
				7177FDC11ED600C100CDBAF8 /* CalculatorUITests */,
			);
		};
/* End PBXProject section */

/* Begin PBXResourcesBuildPhase section */
		7177FDA11ED600C000CDBAF8 /* Resources */ = {
			isa = PBXResourcesBuildPhase;
			buildActionMask = 2147483647;
			files = (
				7177FDB11ED600C100CDBAF8 /* LaunchScreen.storyboard in Resources */,
				7177FDAE1ED600C100CDBAF8 /* Assets.xcassets in Resources */,
				7177FDAC1ED600C100CDBAF8 /* Main.storyboard in Resources */,
			);
			runOnlyForDeploymentPostprocessing = 0;
		};
		7177FDB51ED600C100CDBAF8 /* Resources */ = {
			isa = PBXResourcesBuildPhase;
			buildActionMask = 2147483647;
			files = (
			);
			runOnlyForDeploymentPostprocessing = 0;
		};
		7177FDC01ED600C100CDBAF8 /* Resources */ = {
			isa = PBXResourcesBuildPhase;
			buildActionMask = 2147483647;
			files = (
			);
			runOnlyForDeploymentPostprocessing = 0;
		};
/* End PBXResourcesBuildPhase section */

/* Begin PBXSourcesBuildPhase section */
		7177FD9F1ED600C000CDBAF8 /* Sources */ = {
			isa = PBXSourcesBuildPhase;
			buildActionMask = 2147483647;
			files = (
				71DD303A1ED6BF9E000F3FCC /* CalculatorBrain.swift in Sources */,
				7177FDA91ED600C100CDBAF8 /* ViewController.swift in Sources */,
				7177FDA71ED600C100CDBAF8 /* AppDelegate.swift in Sources */,
			);
			runOnlyForDeploymentPostprocessing = 0;
		};
		7177FDB31ED600C100CDBAF8 /* Sources */ = {
			isa = PBXSourcesBuildPhase;
			buildActionMask = 2147483647;
			files = (
				7177FDBC1ED600C100CDBAF8 /* CalculatorTests.swift in Sources */,
			);
			runOnlyForDeploymentPostprocessing = 0;
		};
		7177FDBE1ED600C100CDBAF8 /* Sources */ = {
			isa = PBXSourcesBuildPhase;
			buildActionMask = 2147483647;
			files = (
				7177FDC71ED600C100CDBAF8 /* CalculatorUITests.swift in Sources */,
			);
			runOnlyForDeploymentPostprocessing = 0;
		};
/* End PBXSourcesBuildPhase section */

/* Begin PBXTargetDependency section */
		7177FDB91ED600C100CDBAF8 /* PBXTargetDependency */ = {
			isa = PBXTargetDependency;
			target = 7177FDA21ED600C000CDBAF8 /* Calculator */;
			targetProxy = 7177FDB81ED600C100CDBAF8 /* PBXContainerItemProxy */;
		};
		7177FDC41ED600C100CDBAF8 /* PBXTargetDependency */ = {
			isa = PBXTargetDependency;
			target = 7177FDA21ED600C000CDBAF8 /* Calculator */;
			targetProxy = 7177FDC31ED600C100CDBAF8 /* PBXContainerItemProxy */;
		};
/* End PBXTargetDependency section */

/* Begin PBXVariantGroup section */
		7177FDAA1ED600C100CDBAF8 /* Main.storyboard */ = {
			isa = PBXVariantGroup;
			children = (
				7177FDAB1ED600C100CDBAF8 /* Base */,
			);
			name = Main.storyboard;
			sourceTree = "<group>";
		};
		7177FDAF1ED600C100CDBAF8 /* LaunchScreen.storyboard */ = {
			isa = PBXVariantGroup;
			children = (
				7177FDB01ED600C100CDBAF8 /* Base */,
			);
			name = LaunchScreen.storyboard;
			sourceTree = "<group>";
		};
/* End PBXVariantGroup section */

/* Begin XCBuildConfiguration section */
		7177FDC91ED600C100CDBAF8 /* Debug */ = {
			isa = XCBuildConfiguration;
			buildSettings = {
				ALWAYS_SEARCH_USER_PATHS = NO;
				CLANG_ANALYZER_NONNULL = YES;
				CLANG_CXX_LANGUAGE_STANDARD = "gnu++0x";
				CLANG_CXX_LIBRARY = "libc++";
				CLANG_ENABLE_MODULES = YES;
				CLANG_ENABLE_OBJC_ARC = YES;
				CLANG_WARN_BOOL_CONVERSION = YES;
				CLANG_WARN_CONSTANT_CONVERSION = YES;
				CLANG_WARN_DIRECT_OBJC_ISA_USAGE = YES_ERROR;
				CLANG_WARN_DOCUMENTATION_COMMENTS = YES;
				CLANG_WARN_EMPTY_BODY = YES;
				CLANG_WARN_ENUM_CONVERSION = YES;
				CLANG_WARN_INFINITE_RECURSION = YES;
				CLANG_WARN_INT_CONVERSION = YES;
				CLANG_WARN_OBJC_ROOT_CLASS = YES_ERROR;
				CLANG_WARN_SUSPICIOUS_MOVE = YES;
				CLANG_WARN_UNREACHABLE_CODE = YES;
				CLANG_WARN__DUPLICATE_METHOD_MATCH = YES;
				"CODE_SIGN_IDENTITY[sdk=iphoneos*]" = "iPhone Developer";
				COPY_PHASE_STRIP = NO;
				DEBUG_INFORMATION_FORMAT = dwarf;
				ENABLE_STRICT_OBJC_MSGSEND = YES;
				ENABLE_TESTABILITY = YES;
				GCC_C_LANGUAGE_STANDARD = gnu99;
				GCC_DYNAMIC_NO_PIC = NO;
				GCC_NO_COMMON_BLOCKS = YES;
				GCC_OPTIMIZATION_LEVEL = 0;
				GCC_PREPROCESSOR_DEFINITIONS = (
					"DEBUG=1",
					"$(inherited)",
				);
				GCC_WARN_64_TO_32_BIT_CONVERSION = YES;
				GCC_WARN_ABOUT_RETURN_TYPE = YES_ERROR;
				GCC_WARN_UNDECLARED_SELECTOR = YES;
				GCC_WARN_UNINITIALIZED_AUTOS = YES_AGGRESSIVE;
				GCC_WARN_UNUSED_FUNCTION = YES;
				GCC_WARN_UNUSED_VARIABLE = YES;
				IPHONEOS_DEPLOYMENT_TARGET = 10.2;
				MTL_ENABLE_DEBUG_INFO = YES;
				ONLY_ACTIVE_ARCH = YES;
				SDKROOT = iphoneos;
				SWIFT_ACTIVE_COMPILATION_CONDITIONS = DEBUG;
				SWIFT_OPTIMIZATION_LEVEL = "-Onone";
			};
			name = Debug;
		};
		7177FDCA1ED600C100CDBAF8 /* Release */ = {
			isa = XCBuildConfiguration;
			buildSettings = {
				ALWAYS_SEARCH_USER_PATHS = NO;
				CLANG_ANALYZER_NONNULL = YES;
				CLANG_CXX_LANGUAGE_STANDARD = "gnu++0x";
				CLANG_CXX_LIBRARY = "libc++";
				CLANG_ENABLE_MODULES = YES;
				CLANG_ENABLE_OBJC_ARC = YES;
				CLANG_WARN_BOOL_CONVERSION = YES;
				CLANG_WARN_CONSTANT_CONVERSION = YES;
				CLANG_WARN_DIRECT_OBJC_ISA_USAGE = YES_ERROR;
				CLANG_WARN_DOCUMENTATION_COMMENTS = YES;
				CLANG_WARN_EMPTY_BODY = YES;
				CLANG_WARN_ENUM_CONVERSION = YES;
				CLANG_WARN_INFINITE_RECURSION = YES;
				CLANG_WARN_INT_CONVERSION = YES;
				CLANG_WARN_OBJC_ROOT_CLASS = YES_ERROR;
				CLANG_WARN_SUSPICIOUS_MOVE = YES;
				CLANG_WARN_UNREACHABLE_CODE = YES;
				CLANG_WARN__DUPLICATE_METHOD_MATCH = YES;
				"CODE_SIGN_IDENTITY[sdk=iphoneos*]" = "iPhone Developer";
				COPY_PHASE_STRIP = NO;
				DEBUG_INFORMATION_FORMAT = "dwarf-with-dsym";
				ENABLE_NS_ASSERTIONS = NO;
				ENABLE_STRICT_OBJC_MSGSEND = YES;
				GCC_C_LANGUAGE_STANDARD = gnu99;
				GCC_NO_COMMON_BLOCKS = YES;
				GCC_WARN_64_TO_32_BIT_CONVERSION = YES;
				GCC_WARN_ABOUT_RETURN_TYPE = YES_ERROR;
				GCC_WARN_UNDECLARED_SELECTOR = YES;
				GCC_WARN_UNINITIALIZED_AUTOS = YES_AGGRESSIVE;
				GCC_WARN_UNUSED_FUNCTION = YES;
				GCC_WARN_UNUSED_VARIABLE = YES;
				IPHONEOS_DEPLOYMENT_TARGET = 10.2;
				MTL_ENABLE_DEBUG_INFO = NO;
				SDKROOT = iphoneos;
				SWIFT_OPTIMIZATION_LEVEL = "-Owholemodule";
				VALIDATE_PRODUCT = YES;
			};
			name = Release;
		};
		7177FDCC1ED600C100CDBAF8 /* Debug */ = {
			isa = XCBuildConfiguration;
			buildSettings = {
				ASSETCATALOG_COMPILER_APPICON_NAME = AppIcon;
				INFOPLIST_FILE = Calculator/Info.plist;
				LD_RUNPATH_SEARCH_PATHS = "$(inherited) @executable_path/Frameworks";
				PRODUCT_BUNDLE_IDENTIFIER = r25gao.Calculator;
				PRODUCT_NAME = "$(TARGET_NAME)";
				SWIFT_VERSION = 3.0;
			};
			name = Debug;
		};
		7177FDCD1ED600C100CDBAF8 /* Release */ = {
			isa = XCBuildConfiguration;
			buildSettings = {
				ASSETCATALOG_COMPILER_APPICON_NAME = AppIcon;
				INFOPLIST_FILE = Calculator/Info.plist;
				LD_RUNPATH_SEARCH_PATHS = "$(inherited) @executable_path/Frameworks";
				PRODUCT_BUNDLE_IDENTIFIER = r25gao.Calculator;
				PRODUCT_NAME = "$(TARGET_NAME)";
				SWIFT_VERSION = 3.0;
			};
			name = Release;
		};
		7177FDCF1ED600C100CDBAF8 /* Debug */ = {
			isa = XCBuildConfiguration;
			buildSettings = {
				ALWAYS_EMBED_SWIFT_STANDARD_LIBRARIES = YES;
				BUNDLE_LOADER = "$(TEST_HOST)";
				INFOPLIST_FILE = CalculatorTests/Info.plist;
				LD_RUNPATH_SEARCH_PATHS = "$(inherited) @executable_path/Frameworks @loader_path/Frameworks";
				PRODUCT_BUNDLE_IDENTIFIER = r25gao.CalculatorTests;
				PRODUCT_NAME = "$(TARGET_NAME)";
				SWIFT_VERSION = 3.0;
				TEST_HOST = "$(BUILT_PRODUCTS_DIR)/Calculator.app/Calculator";
			};
			name = Debug;
		};
		7177FDD01ED600C100CDBAF8 /* Release */ = {
			isa = XCBuildConfiguration;
			buildSettings = {
				ALWAYS_EMBED_SWIFT_STANDARD_LIBRARIES = YES;
				BUNDLE_LOADER = "$(TEST_HOST)";
				INFOPLIST_FILE = CalculatorTests/Info.plist;
				LD_RUNPATH_SEARCH_PATHS = "$(inherited) @executable_path/Frameworks @loader_path/Frameworks";
				PRODUCT_BUNDLE_IDENTIFIER = r25gao.CalculatorTests;
				PRODUCT_NAME = "$(TARGET_NAME)";
				SWIFT_VERSION = 3.0;
				TEST_HOST = "$(BUILT_PRODUCTS_DIR)/Calculator.app/Calculator";
			};
			name = Release;
		};
		7177FDD21ED600C100CDBAF8 /* Debug */ = {
			isa = XCBuildConfiguration;
			buildSettings = {
				ALWAYS_EMBED_SWIFT_STANDARD_LIBRARIES = YES;
				INFOPLIST_FILE = CalculatorUITests/Info.plist;
				LD_RUNPATH_SEARCH_PATHS = "$(inherited) @executable_path/Frameworks @loader_path/Frameworks";
				PRODUCT_BUNDLE_IDENTIFIER = r25gao.CalculatorUITests;
				PRODUCT_NAME = "$(TARGET_NAME)";
				SWIFT_VERSION = 3.0;
				TEST_TARGET_NAME = Calculator;
			};
			name = Debug;
		};
		7177FDD31ED600C100CDBAF8 /* Release */ = {
			isa = XCBuildConfiguration;
			buildSettings = {
				ALWAYS_EMBED_SWIFT_STANDARD_LIBRARIES = YES;
				INFOPLIST_FILE = CalculatorUITests/Info.plist;
				LD_RUNPATH_SEARCH_PATHS = "$(inherited) @executable_path/Frameworks @loader_path/Frameworks";
				PRODUCT_BUNDLE_IDENTIFIER = r25gao.CalculatorUITests;
				PRODUCT_NAME = "$(TARGET_NAME)";
				SWIFT_VERSION = 3.0;
				TEST_TARGET_NAME = Calculator;
			};
			name = Release;
		};
/* End XCBuildConfiguration section */

/* Begin XCConfigurationList section */
		7177FD9E1ED600C000CDBAF8 /* Build configuration list for PBXProject "Calculator" */ = {
			isa = XCConfigurationList;
			buildConfigurations = (
				7177FDC91ED600C100CDBAF8 /* Debug */,
				7177FDCA1ED600C100CDBAF8 /* Release */,
			);
			defaultConfigurationIsVisible = 0;
			defaultConfigurationName = Release;
		};
		7177FDCB1ED600C100CDBAF8 /* Build configuration list for PBXNativeTarget "Calculator" */ = {
			isa = XCConfigurationList;
			buildConfigurations = (
				7177FDCC1ED600C100CDBAF8 /* Debug */,
				7177FDCD1ED600C100CDBAF8 /* Release */,
			);
			defaultConfigurationIsVisible = 0;
			defaultConfigurationName = Release;
		};
		7177FDCE1ED600C100CDBAF8 /* Build configuration list for PBXNativeTarget "CalculatorTests" */ = {
			isa = XCConfigurationList;
			buildConfigurations = (
				7177FDCF1ED600C100CDBAF8 /* Debug */,
				7177FDD01ED600C100CDBAF8 /* Release */,
			);
			defaultConfigurationIsVisible = 0;
			defaultConfigurationName = Release;
		};
		7177FDD11ED600C100CDBAF8 /* Build configuration list for PBXNativeTarget "CalculatorUITests" */ = {
			isa = XCConfigurationList;
			buildConfigurations = (
				7177FDD21ED600C100CDBAF8 /* Debug */,
				7177FDD31ED600C100CDBAF8 /* Release */,
			);
			defaultConfigurationIsVisible = 0;
			defaultConfigurationName = Release;
		};
/* End XCConfigurationList section */
	};
	rootObject = 7177FD9B1ED600C000CDBAF8 /* Project object */;
}
